
Microsoft Visual Studio Solution File, Format Version 12.00
# Visual Studio Version 17
VisualStudioVersion = 17.1.32319.34
MinimumVisualStudioVersion = 10.0.40219.1
Project("{9A19103F-16F7-4668-BE54-9A1E7A4F7556}") = "Destiny2API", "Destiny2API.csproj", "{07C6F4F8-DABE-4BFC-AA91-A68461058303}"
EndProject
Project("{9A19103F-16F7-4668-BE54-9A1E7A4F7556}") = "Destiny", "..\Destiny\Destiny.csproj", "{13B20789-19D4-4AB6-ABCC-EA16D1272362}"
EndProject
Project("{FAE04EC0-301F-11D3-BF4B-00C04F79EFBC}") = "GroupsV2", "..\GroupsV2\GroupsV2.csproj", "{7F7538A5-3915-49FD-A69F-EA440DCE7496}"
EndProject
Project("{FAE04EC0-301F-11D3-BF4B-00C04F79EFBC}") = "User", "..\User\User.csproj", "{CAB5CD8F-0E2B-4234-9023-5C4CA17ED76F}"
EndProject
Project("{FAE04EC0-301F-11D3-BF4B-00C04F79EFBC}") = "Bungie", "..\Bungie\Bungie.csproj", "{736DECF0-BFB4-4BD0-9522-E6165A2D6782}"
EndProject
Global
	GlobalSection(SolutionConfigurationPlatforms) = preSolution
		Debug|Any CPU = Debug|Any CPU
		Release|Any CPU = Release|Any CPU
	EndGlobalSection
	GlobalSection(ProjectConfigurationPlatforms) = postSolution
		{07C6F4F8-DABE-4BFC-AA91-A68461058303}.Debug|Any CPU.ActiveCfg = Debug|Any CPU
		{07C6F4F8-DABE-4BFC-AA91-A68461058303}.Debug|Any CPU.Build.0 = Debug|Any CPU
		{07C6F4F8-DABE-4BFC-AA91-A68461058303}.Release|Any CPU.ActiveCfg = Release|Any CPU
		{07C6F4F8-DABE-4BFC-AA91-A68461058303}.Release|Any CPU.Build.0 = Release|Any CPU
		{13B20789-19D4-4AB6-ABCC-EA16D1272362}.Debug|Any CPU.ActiveCfg = Debug|Any CPU
		{13B20789-19D4-4AB6-ABCC-EA16D1272362}.Debug|Any CPU.Build.0 = Debug|Any CPU
		{13B20789-19D4-4AB6-ABCC-EA16D1272362}.Release|Any CPU.ActiveCfg = Release|Any CPU
		{13B20789-19D4-4AB6-ABCC-EA16D1272362}.Release|Any CPU.Build.0 = Release|Any CPU
		{7F7538A5-3915-49FD-A69F-EA440DCE7496}.Debug|Any CPU.ActiveCfg = Debug|Any CPU
		{7F7538A5-3915-49FD-A69F-EA440DCE7496}.Debug|Any CPU.Build.0 = Debug|Any CPU
		{7F7538A5-3915-49FD-A69F-EA440DCE7496}.Release|Any CPU.ActiveCfg = Release|Any CPU
		{7F7538A5-3915-49FD-A69F-EA440DCE7496}.Release|Any CPU.Build.0 = Release|Any CPU
		{CAB5CD8F-0E2B-4234-9023-5C4CA17ED76F}.Debug|Any CPU.ActiveCfg = Debug|Any CPU
		{CAB5CD8F-0E2B-4234-9023-5C4CA17ED76F}.Debug|Any CPU.Build.0 = Debug|Any CPU
		{CAB5CD8F-0E2B-4234-9023-5C4CA17ED76F}.Release|Any CPU.ActiveCfg = Release|Any CPU
		{CAB5CD8F-0E2B-4234-9023-5C4CA17ED76F}.Release|Any CPU.Build.0 = Release|Any CPU
		{736DECF0-BFB4-4BD0-9522-E6165A2D6782}.Debug|Any CPU.ActiveCfg = Debug|Any CPU
		{736DECF0-BFB4-4BD0-9522-E6165A2D6782}.Debug|Any CPU.Build.0 = Debug|Any CPU
		{736DECF0-BFB4-4BD0-9522-E6165A2D6782}.Release|Any CPU.ActiveCfg = Release|Any CPU
		{736DECF0-BFB4-4BD0-9522-E6165A2D6782}.Release|Any CPU.Build.0 = Release|Any CPU
	EndGlobalSection
	GlobalSection(SolutionProperties) = preSolution
		HideSolutionNode = FALSE
	EndGlobalSection
	GlobalSection(ExtensibilityGlobals) = postSolution
		SolutionGuid = {79A2645C-2066-4B0D-AE71-07AA1CDFA568}
	EndGlobalSection
EndGlobal
